{
  "object": {
    "pins": [
      {
        "package": "DataStream",
        "repositoryURL": "https://github.com/hughbe/DataStream",
        "state": {
          "branch": null,
          "revision": "e7da621235b5a4db261f82a51a936947c5dcab0c",
          "version": "1.2.0"
        }
      },
      {
        "package": "WindowsDataTypes",
        "repositoryURL": "https://github.com/hughbe/WindowsDataTypes",
        "state": {
          "branch": null,
          "revision": "fd6b3e38ab79fe9f26b17b3d6e62bc9d15445f3e",
          "version": "1.0.5"
        }
      }
    ]
  },
  "version": 1
}
