{
  "object": {
    "pins": [
      {
        "package": "DataStream",
        "repositoryURL": "https://github.com/hughbe/DataStream",
        "state": {
          "branch": null,
          "revision": "36347be43d95e15263a37883ffc341019fdb733b",
          "version": "2.0.5"
        }
      },
      {
        "package": "BitField",
        "repositoryURL": "https://github.com/hughbe/SwiftBitField",
        "state": {
          "branch": null,
          "revision": "58adee709619b00175ad660cf0755fd2cd0d7af1",
          "version": "1.0.1"
        }
      },
      {
        "package": "MAPI",
        "repositoryURL": "https://github.com/hughbe/SwiftMAPI",
        "state": {
          "branch": null,
          "revision": "08bce5dc68a2be1b129823a2d966be78e82ebfc8",
          "version": "1.2.5"
        }
      },
      {
        "package": "WindowsDataTypes",
        "repositoryURL": "https://github.com/hughbe/WindowsDataTypes",
        "state": {
          "branch": null,
          "revision": "470932b721d9f2590aca2ed5850e58cf5b4f0492",
          "version": "1.0.13"
        }
      }
    ]
  },
  "version": 1
}
