{
  "object": {
    "pins": [
      {
        "package": "DataStream",
        "repositoryURL": "https://github.com/hughbe/DataStream",
        "state": {
          "branch": null,
          "revision": "d5cd0501cc8fde55596039725e6dedcd8e32b89d",
          "version": "1.1.3"
        }
      },
      {
        "package": "WindowsDataTypes",
        "repositoryURL": "https://github.com/hughbe/WindowsDataTypes",
        "state": {
          "branch": null,
          "revision": "9109d41da3051ec5604aea03bc5290d20c82ab22",
          "version": "1.0.2"
        }
      }
    ]
  },
  "version": 1
}
